// !$*UTF8*$!
{
	archiveVersion = 1;
	classes = {
	};
	objectVersion = 46;
	objects = {

/* Begin PBXBuildFile section */
		8733C58A1E5A1B9600140899 /* SFCherryBlossomSampleData.json in Resources */ = {isa = PBXBuildFile; fileRef = 8733C5891E5A1B9600140899 /* SFCherryBlossomSampleData.json */; };
		8733C58E1E5A1C8900140899 /* EventCatalogTableViewController.swift in Sources */ = {isa = PBXBuildFile; fileRef = 8733C58C1E5A1C8900140899 /* EventCatalogTableViewController.swift */; };
		8733C58F1E5A1C8900140899 /* EventCatalogTableViewController.storyboard in Resources */ = {isa = PBXBuildFile; fileRef = 8733C58D1E5A1C8900140899 /* EventCatalogTableViewController.storyboard */; };
		8733C5A51E5A220B00140899 /* JSON.swift in Sources */ = {isa = PBXBuildFile; fileRef = 8733C5A41E5A220B00140899 /* JSON.swift */; };
		873F0A021E6378E200BECCD2 /* EventDetailsViewController.storyboard in Resources */ = {isa = PBXBuildFile; fileRef = 873F0A011E6378E200BECCD2 /* EventDetailsViewController.storyboard */; };
		873F0A041E63791000BECCD2 /* EventDetailsViewController.swift in Sources */ = {isa = PBXBuildFile; fileRef = 873F0A031E63791000BECCD2 /* EventDetailsViewController.swift */; };
		873F0A061E63891200BECCD2 /* EventDetailsView.swift in Sources */ = {isa = PBXBuildFile; fileRef = 873F0A051E63891200BECCD2 /* EventDetailsView.swift */; };
		8756D4AF1E6CB8DB00DE83D8 /* EventDetailsViewModel.swift in Sources */ = {isa = PBXBuildFile; fileRef = 8756D4AE1E6CB8DB00DE83D8 /* EventDetailsViewModel.swift */; };
		8756D95B1E810A2C00C0CFAC /* NetworkingTests.swift in Sources */ = {isa = PBXBuildFile; fileRef = 8756D95A1E810A2C00C0CFAC /* NetworkingTests.swift */; };
		8756D9621E81101B00C0CFAC /* NCCBFTabBarController.storyboard in Resources */ = {isa = PBXBuildFile; fileRef = 8756D9611E81101B00C0CFAC /* NCCBFTabBarController.storyboard */; };
		8772FE621E8868540048B2C0 /* NCCBF-iOS.xcdatamodeld in Sources */ = {isa = PBXBuildFile; fileRef = 8772FE601E8868540048B2C0 /* NCCBF-iOS.xcdatamodeld */; };
		8772FE641E8868700048B2C0 /* DataController.swift in Sources */ = {isa = PBXBuildFile; fileRef = 8772FE631E8868700048B2C0 /* DataController.swift */; };
		87A7032F1E887BEF00CDF31D /* Event+CoreDataClass.swift in Sources */ = {isa = PBXBuildFile; fileRef = 87A7032D1E887BEF00CDF31D /* Event+CoreDataClass.swift */; };
		87A703301E887BEF00CDF31D /* Event+CoreDataProperties.swift in Sources */ = {isa = PBXBuildFile; fileRef = 87A7032E1E887BEF00CDF31D /* Event+CoreDataProperties.swift */; };
		87C5F7F91E553B3D001D7B09 /* AppDelegate.swift in Sources */ = {isa = PBXBuildFile; fileRef = 87C5F7F81E553B3D001D7B09 /* AppDelegate.swift */; };
		87C5F8001E553B3D001D7B09 /* Assets.xcassets in Resources */ = {isa = PBXBuildFile; fileRef = 87C5F7FF1E553B3D001D7B09 /* Assets.xcassets */; };
		87C5F8031E553B3D001D7B09 /* LaunchScreen.storyboard in Resources */ = {isa = PBXBuildFile; fileRef = 87C5F8011E553B3D001D7B09 /* LaunchScreen.storyboard */; };
		87FC32941E81F54B007F1B4A /* SFCherryBlossomSampleData2.json in Resources */ = {isa = PBXBuildFile; fileRef = 87FC32931E81F54B007F1B4A /* SFCherryBlossomSampleData2.json */; };
		87FC32961E81FF04007F1B4A /* MoreInfoTableViewController.storyboard in Resources */ = {isa = PBXBuildFile; fileRef = 87FC32951E81FF04007F1B4A /* MoreInfoTableViewController.storyboard */; };
		87FC32981E81FF87007F1B4A /* MoreInfoTableViewController.swift in Sources */ = {isa = PBXBuildFile; fileRef = 87FC32971E81FF87007F1B4A /* MoreInfoTableViewController.swift */; };
		87FC329A1E821F4C007F1B4A /* MenuItem.swift in Sources */ = {isa = PBXBuildFile; fileRef = 87FC32991E821F4C007F1B4A /* MenuItem.swift */; };
		87FC329C1E824887007F1B4A /* MoreInfoDetailViewController.storyboard in Resources */ = {isa = PBXBuildFile; fileRef = 87FC329B1E824887007F1B4A /* MoreInfoDetailViewController.storyboard */; };
		87FC329E1E824A42007F1B4A /* MoreInfoDetailViewController.swift in Sources */ = {isa = PBXBuildFile; fileRef = 87FC329D1E824A42007F1B4A /* MoreInfoDetailViewController.swift */; };
		87FC32A01E830E19007F1B4A /* Networking.swift in Sources */ = {isa = PBXBuildFile; fileRef = 87FC329F1E830E19007F1B4A /* Networking.swift */; };
		87FC32A21E830E6E007F1B4A /* Constants.swift in Sources */ = {isa = PBXBuildFile; fileRef = 87FC32A11E830E6E007F1B4A /* Constants.swift */; };
		87FC32A41E83176C007F1B4A /* ScheduleTableViewController.storyboard in Resources */ = {isa = PBXBuildFile; fileRef = 87FC32A31E83176C007F1B4A /* ScheduleTableViewController.storyboard */; };
		87FC32A61E831924007F1B4A /* ScheduleTableViewController.swift in Sources */ = {isa = PBXBuildFile; fileRef = 87FC32A51E831924007F1B4A /* ScheduleTableViewController.swift */; };
/* End PBXBuildFile section */

/* Begin PBXContainerItemProxy section */
		8756D92A1E7F734D00C0CFAC /* PBXContainerItemProxy */ = {
			isa = PBXContainerItemProxy;
			containerPortal = 87C5F7ED1E553B3D001D7B09 /* Project object */;
			proxyType = 1;
			remoteGlobalIDString = 87C5F7F41E553B3D001D7B09;
			remoteInfo = "NCCBF-iOS";
		};
/* End PBXContainerItemProxy section */

/* Begin PBXFileReference section */
		8733C5891E5A1B9600140899 /* SFCherryBlossomSampleData.json */ = {isa = PBXFileReference; fileEncoding = 4; lastKnownFileType = text.json; name = SFCherryBlossomSampleData.json; path = Resources/SFCherryBlossomSampleData.json; sourceTree = "<group>"; };
		8733C58C1E5A1C8900140899 /* EventCatalogTableViewController.swift */ = {isa = PBXFileReference; fileEncoding = 4; lastKnownFileType = sourcecode.swift; name = EventCatalogTableViewController.swift; path = ViewControllers/EventCatalogTableViewController.swift; sourceTree = "<group>"; };
		8733C58D1E5A1C8900140899 /* EventCatalogTableViewController.storyboard */ = {isa = PBXFileReference; fileEncoding = 4; lastKnownFileType = file.storyboard; name = EventCatalogTableViewController.storyboard; path = Storyboards/EventCatalogTableViewController.storyboard; sourceTree = "<group>"; };
		8733C5A41E5A220B00140899 /* JSON.swift */ = {isa = PBXFileReference; fileEncoding = 4; lastKnownFileType = sourcecode.swift; name = JSON.swift; path = Utilities/JSON.swift; sourceTree = "<group>"; };
		8733C5B91E5A39BD00140899 /* Event.swift */ = {isa = PBXFileReference; fileEncoding = 4; lastKnownFileType = sourcecode.swift; name = Event.swift; path = Models/Event.swift; sourceTree = "<group>"; };
		873F0A011E6378E200BECCD2 /* EventDetailsViewController.storyboard */ = {isa = PBXFileReference; fileEncoding = 4; lastKnownFileType = file.storyboard; name = EventDetailsViewController.storyboard; path = Storyboards/EventDetailsViewController.storyboard; sourceTree = "<group>"; };
		873F0A031E63791000BECCD2 /* EventDetailsViewController.swift */ = {isa = PBXFileReference; fileEncoding = 4; lastKnownFileType = sourcecode.swift; name = EventDetailsViewController.swift; path = ViewControllers/EventDetailsViewController.swift; sourceTree = "<group>"; };
		873F0A051E63891200BECCD2 /* EventDetailsView.swift */ = {isa = PBXFileReference; fileEncoding = 4; lastKnownFileType = sourcecode.swift; name = EventDetailsView.swift; path = Views/EventDetailsView.swift; sourceTree = "<group>"; };
		8756D4AE1E6CB8DB00DE83D8 /* EventDetailsViewModel.swift */ = {isa = PBXFileReference; fileEncoding = 4; lastKnownFileType = sourcecode.swift; name = EventDetailsViewModel.swift; path = Models/EventDetailsViewModel.swift; sourceTree = "<group>"; };
		8756D9251E7F734D00C0CFAC /* NCCBF-iOSTests.xctest */ = {isa = PBXFileReference; explicitFileType = wrapper.cfbundle; includeInIndex = 0; path = "NCCBF-iOSTests.xctest"; sourceTree = BUILT_PRODUCTS_DIR; };
		8756D9291E7F734D00C0CFAC /* Info.plist */ = {isa = PBXFileReference; lastKnownFileType = text.plist.xml; path = Info.plist; sourceTree = "<group>"; };
		8756D95A1E810A2C00C0CFAC /* NetworkingTests.swift */ = {isa = PBXFileReference; fileEncoding = 4; lastKnownFileType = sourcecode.swift; path = NetworkingTests.swift; sourceTree = "<group>"; };
		8756D9611E81101B00C0CFAC /* NCCBFTabBarController.storyboard */ = {isa = PBXFileReference; fileEncoding = 4; lastKnownFileType = file.storyboard; name = NCCBFTabBarController.storyboard; path = Storyboards/NCCBFTabBarController.storyboard; sourceTree = "<group>"; };
		8772FE611E8868540048B2C0 /* NCCBF-iOS.xcdatamodel */ = {isa = PBXFileReference; lastKnownFileType = wrapper.xcdatamodel; path = "NCCBF-iOS.xcdatamodel"; sourceTree = "<group>"; };
		8772FE631E8868700048B2C0 /* DataController.swift */ = {isa = PBXFileReference; fileEncoding = 4; lastKnownFileType = sourcecode.swift; name = DataController.swift; path = CoreData/DataController.swift; sourceTree = "<group>"; };
		87A7032D1E887BEF00CDF31D /* Event+CoreDataClass.swift */ = {isa = PBXFileReference; fileEncoding = 4; lastKnownFileType = sourcecode.swift; name = "Event+CoreDataClass.swift"; path = "CoreData/Entities/Event+CoreDataClass.swift"; sourceTree = "<group>"; };
		87A7032E1E887BEF00CDF31D /* Event+CoreDataProperties.swift */ = {isa = PBXFileReference; fileEncoding = 4; lastKnownFileType = sourcecode.swift; name = "Event+CoreDataProperties.swift"; path = "CoreData/Entities/Event+CoreDataProperties.swift"; sourceTree = "<group>"; };
		87C5F7F51E553B3D001D7B09 /* NCCBF-iOS.app */ = {isa = PBXFileReference; explicitFileType = wrapper.application; includeInIndex = 0; path = "NCCBF-iOS.app"; sourceTree = BUILT_PRODUCTS_DIR; };
		87C5F7F81E553B3D001D7B09 /* AppDelegate.swift */ = {isa = PBXFileReference; lastKnownFileType = sourcecode.swift; path = AppDelegate.swift; sourceTree = "<group>"; };
		87C5F7FF1E553B3D001D7B09 /* Assets.xcassets */ = {isa = PBXFileReference; lastKnownFileType = folder.assetcatalog; path = Assets.xcassets; sourceTree = "<group>"; };
		87C5F8021E553B3D001D7B09 /* Base */ = {isa = PBXFileReference; lastKnownFileType = file.storyboard; name = Base; path = Base.lproj/LaunchScreen.storyboard; sourceTree = "<group>"; };
		87C5F8041E553B3D001D7B09 /* Info.plist */ = {isa = PBXFileReference; lastKnownFileType = text.plist.xml; path = Info.plist; sourceTree = "<group>"; };
		87FC32931E81F54B007F1B4A /* SFCherryBlossomSampleData2.json */ = {isa = PBXFileReference; fileEncoding = 4; lastKnownFileType = text.json; name = SFCherryBlossomSampleData2.json; path = Resources/SFCherryBlossomSampleData2.json; sourceTree = "<group>"; };
		87FC32951E81FF04007F1B4A /* MoreInfoTableViewController.storyboard */ = {isa = PBXFileReference; fileEncoding = 4; lastKnownFileType = file.storyboard; name = MoreInfoTableViewController.storyboard; path = Storyboards/MoreInfoTableViewController.storyboard; sourceTree = "<group>"; };
		87FC32971E81FF87007F1B4A /* MoreInfoTableViewController.swift */ = {isa = PBXFileReference; fileEncoding = 4; lastKnownFileType = sourcecode.swift; name = MoreInfoTableViewController.swift; path = ViewControllers/MoreInfoTableViewController.swift; sourceTree = "<group>"; };
		87FC32991E821F4C007F1B4A /* MenuItem.swift */ = {isa = PBXFileReference; fileEncoding = 4; lastKnownFileType = sourcecode.swift; name = MenuItem.swift; path = Models/MenuItem.swift; sourceTree = "<group>"; };
		87FC329B1E824887007F1B4A /* MoreInfoDetailViewController.storyboard */ = {isa = PBXFileReference; fileEncoding = 4; lastKnownFileType = file.storyboard; name = MoreInfoDetailViewController.storyboard; path = Storyboards/MoreInfoDetailViewController.storyboard; sourceTree = "<group>"; };
		87FC329D1E824A42007F1B4A /* MoreInfoDetailViewController.swift */ = {isa = PBXFileReference; fileEncoding = 4; lastKnownFileType = sourcecode.swift; name = MoreInfoDetailViewController.swift; path = ViewControllers/MoreInfoDetailViewController.swift; sourceTree = "<group>"; };
		87FC329F1E830E19007F1B4A /* Networking.swift */ = {isa = PBXFileReference; fileEncoding = 4; lastKnownFileType = sourcecode.swift; name = Networking.swift; path = Utilities/Networking.swift; sourceTree = "<group>"; };
		87FC32A11E830E6E007F1B4A /* Constants.swift */ = {isa = PBXFileReference; fileEncoding = 4; lastKnownFileType = sourcecode.swift; path = Constants.swift; sourceTree = "<group>"; };
		87FC32A31E83176C007F1B4A /* ScheduleTableViewController.storyboard */ = {isa = PBXFileReference; fileEncoding = 4; lastKnownFileType = file.storyboard; path = ScheduleTableViewController.storyboard; sourceTree = "<group>"; };
		87FC32A51E831924007F1B4A /* ScheduleTableViewController.swift */ = {isa = PBXFileReference; fileEncoding = 4; lastKnownFileType = sourcecode.swift; name = ScheduleTableViewController.swift; path = ViewControllers/ScheduleTableViewController.swift; sourceTree = "<group>"; };
/* End PBXFileReference section */

/* Begin PBXFrameworksBuildPhase section */
		8756D9221E7F734D00C0CFAC /* Frameworks */ = {
			isa = PBXFrameworksBuildPhase;
			buildActionMask = 2147483647;
			files = (
			);
			runOnlyForDeploymentPostprocessing = 0;
		};
		87C5F7F21E553B3D001D7B09 /* Frameworks */ = {
			isa = PBXFrameworksBuildPhase;
			buildActionMask = 2147483647;
			files = (
			);
			runOnlyForDeploymentPostprocessing = 0;
		};
/* End PBXFrameworksBuildPhase section */

/* Begin PBXGroup section */
		8733C58B1E5A1B9D00140899 /* Resources */ = {
			isa = PBXGroup;
			children = (
				87C5F7FF1E553B3D001D7B09 /* Assets.xcassets */,
				87C5F8011E553B3D001D7B09 /* LaunchScreen.storyboard */,
				87C5F8041E553B3D001D7B09 /* Info.plist */,
				8733C5891E5A1B9600140899 /* SFCherryBlossomSampleData.json */,
				87FC32931E81F54B007F1B4A /* SFCherryBlossomSampleData2.json */,
			);
			name = Resources;
			sourceTree = "<group>";
		};
		8733C5901E5A1C9000140899 /* ViewControllers */ = {
			isa = PBXGroup;
			children = (
				8733C58C1E5A1C8900140899 /* EventCatalogTableViewController.swift */,
				873F0A031E63791000BECCD2 /* EventDetailsViewController.swift */,
				87FC32971E81FF87007F1B4A /* MoreInfoTableViewController.swift */,
				87FC329D1E824A42007F1B4A /* MoreInfoDetailViewController.swift */,
				87FC32A51E831924007F1B4A /* ScheduleTableViewController.swift */,
			);
			name = ViewControllers;
			sourceTree = "<group>";
		};
		8733C5BB1E5A39C000140899 /* Models */ = {
			isa = PBXGroup;
			children = (
				8733C5B91E5A39BD00140899 /* Event.swift */,
				8756D4AE1E6CB8DB00DE83D8 /* EventDetailsViewModel.swift */,
				87FC32991E821F4C007F1B4A /* MenuItem.swift */,
			);
			name = Models;
			sourceTree = "<group>";
		};
		873F0A001E63715900BECCD2 /* Utilities */ = {
			isa = PBXGroup;
			children = (
				8733C5A41E5A220B00140899 /* JSON.swift */,
				87FC329F1E830E19007F1B4A /* Networking.swift */,
			);
			name = Utilities;
			sourceTree = "<group>";
		};
		8756D9261E7F734D00C0CFAC /* NCCBF-iOSTests */ = {
			isa = PBXGroup;
			children = (
				8756D9291E7F734D00C0CFAC /* Info.plist */,
				8756D95A1E810A2C00C0CFAC /* NetworkingTests.swift */,
			);
			path = "NCCBF-iOSTests";
			sourceTree = "<group>";
		};
		8756D9601E810F3000C0CFAC /* Storyboards */ = {
			isa = PBXGroup;
			children = (
				8733C58D1E5A1C8900140899 /* EventCatalogTableViewController.storyboard */,
				873F0A011E6378E200BECCD2 /* EventDetailsViewController.storyboard */,
				8756D9611E81101B00C0CFAC /* NCCBFTabBarController.storyboard */,
				87FC32951E81FF04007F1B4A /* MoreInfoTableViewController.storyboard */,
				87FC329B1E824887007F1B4A /* MoreInfoDetailViewController.storyboard */,
				87FC32A31E83176C007F1B4A /* ScheduleTableViewController.storyboard */,
			);
			name = Storyboards;
			sourceTree = "<group>";
		};
		8756D9631E81139300C0CFAC /* Views */ = {
			isa = PBXGroup;
			children = (
				873F0A051E63891200BECCD2 /* EventDetailsView.swift */,
			);
			name = Views;
			sourceTree = "<group>";
		};
		8772FE2F1E8653A90048B2C0 /* Extensions */ = {
			isa = PBXGroup;
			children = (
			);
			name = Extensions;
			sourceTree = "<group>";
		};
		8772FE5F1E8868350048B2C0 /* CoreData */ = {
			isa = PBXGroup;
			children = (
				8772FE651E8877370048B2C0 /* Entities */,
				8772FE601E8868540048B2C0 /* NCCBF-iOS.xcdatamodeld */,
				8772FE631E8868700048B2C0 /* DataController.swift */,
			);
			name = CoreData;
			sourceTree = "<group>";
		};
		8772FE651E8877370048B2C0 /* Entities */ = {
			isa = PBXGroup;
			children = (
				87A7032D1E887BEF00CDF31D /* Event+CoreDataClass.swift */,
				87A7032E1E887BEF00CDF31D /* Event+CoreDataProperties.swift */,
			);
			name = Entities;
			sourceTree = "<group>";
		};
		87C5F7EC1E553B3D001D7B09 = {
			isa = PBXGroup;
			children = (
				87C5F7F71E553B3D001D7B09 /* NCCBF-iOS */,
				8756D9261E7F734D00C0CFAC /* NCCBF-iOSTests */,
				87C5F7F61E553B3D001D7B09 /* Products */,
			);
			sourceTree = "<group>";
		};
		87C5F7F61E553B3D001D7B09 /* Products */ = {
			isa = PBXGroup;
			children = (
				87C5F7F51E553B3D001D7B09 /* NCCBF-iOS.app */,
				8756D9251E7F734D00C0CFAC /* NCCBF-iOSTests.xctest */,
			);
			name = Products;
			sourceTree = "<group>";
		};
		87C5F7F71E553B3D001D7B09 /* NCCBF-iOS */ = {
			isa = PBXGroup;
			children = (
				87C5F7F81E553B3D001D7B09 /* AppDelegate.swift */,
				87FC32A11E830E6E007F1B4A /* Constants.swift */,
				8772FE5F1E8868350048B2C0 /* CoreData */,
				8733C5BB1E5A39C000140899 /* Models */,
				8733C5901E5A1C9000140899 /* ViewControllers */,
				8756D9631E81139300C0CFAC /* Views */,
				8756D9601E810F3000C0CFAC /* Storyboards */,
				8772FE2F1E8653A90048B2C0 /* Extensions */,
				873F0A001E63715900BECCD2 /* Utilities */,
				8733C58B1E5A1B9D00140899 /* Resources */,
			);
			path = "NCCBF-iOS";
			sourceTree = "<group>";
		};
/* End PBXGroup section */

/* Begin PBXNativeTarget section */
		8756D9241E7F734D00C0CFAC /* NCCBF-iOSTests */ = {
			isa = PBXNativeTarget;
			buildConfigurationList = 8756D92E1E7F734D00C0CFAC /* Build configuration list for PBXNativeTarget "NCCBF-iOSTests" */;
			buildPhases = (
				8756D9211E7F734D00C0CFAC /* Sources */,
				8756D9221E7F734D00C0CFAC /* Frameworks */,
				8756D9231E7F734D00C0CFAC /* Resources */,
			);
			buildRules = (
			);
			dependencies = (
				8756D92B1E7F734D00C0CFAC /* PBXTargetDependency */,
			);
			name = "NCCBF-iOSTests";
			productName = "NCCBF-iOSTests";
			productReference = 8756D9251E7F734D00C0CFAC /* NCCBF-iOSTests.xctest */;
			productType = "com.apple.product-type.bundle.unit-test";
		};
		87C5F7F41E553B3D001D7B09 /* NCCBF-iOS */ = {
			isa = PBXNativeTarget;
			buildConfigurationList = 87C5F8071E553B3D001D7B09 /* Build configuration list for PBXNativeTarget "NCCBF-iOS" */;
			buildPhases = (
				87C5F7F11E553B3D001D7B09 /* Sources */,
				87C5F7F21E553B3D001D7B09 /* Frameworks */,
				87C5F7F31E553B3D001D7B09 /* Resources */,
			);
			buildRules = (
			);
			dependencies = (
			);
			name = "NCCBF-iOS";
			productName = "NCCBF-iOS";
			productReference = 87C5F7F51E553B3D001D7B09 /* NCCBF-iOS.app */;
			productType = "com.apple.product-type.application";
		};
/* End PBXNativeTarget section */

/* Begin PBXProject section */
		87C5F7ED1E553B3D001D7B09 /* Project object */ = {
			isa = PBXProject;
			attributes = {
				LastSwiftUpdateCheck = 0820;
				LastUpgradeCheck = 0820;
				ORGANIZATIONNAME = "Keita Ito";
				TargetAttributes = {
					8756D9241E7F734D00C0CFAC = {
						CreatedOnToolsVersion = 8.2.1;
						DevelopmentTeam = D433NUFZ5K;
						LastSwiftMigration = 0820;
						ProvisioningStyle = Automatic;
						TestTargetID = 87C5F7F41E553B3D001D7B09;
					};
					87C5F7F41E553B3D001D7B09 = {
						CreatedOnToolsVersion = 8.2.1;
						DevelopmentTeam = D433NUFZ5K;
						ProvisioningStyle = Automatic;
					};
				};
			};
			buildConfigurationList = 87C5F7F01E553B3D001D7B09 /* Build configuration list for PBXProject "NCCBF-iOS" */;
			compatibilityVersion = "Xcode 3.2";
			developmentRegion = English;
			hasScannedForEncodings = 0;
			knownRegions = (
				en,
				Base,
			);
			mainGroup = 87C5F7EC1E553B3D001D7B09;
			productRefGroup = 87C5F7F61E553B3D001D7B09 /* Products */;
			projectDirPath = "";
			projectRoot = "";
			targets = (
				87C5F7F41E553B3D001D7B09 /* NCCBF-iOS */,
				8756D9241E7F734D00C0CFAC /* NCCBF-iOSTests */,
			);
		};
/* End PBXProject section */

/* Begin PBXResourcesBuildPhase section */
		8756D9231E7F734D00C0CFAC /* Resources */ = {
			isa = PBXResourcesBuildPhase;
			buildActionMask = 2147483647;
			files = (
			);
			runOnlyForDeploymentPostprocessing = 0;
		};
		87C5F7F31E553B3D001D7B09 /* Resources */ = {
			isa = PBXResourcesBuildPhase;
			buildActionMask = 2147483647;
			files = (
				87FC32941E81F54B007F1B4A /* SFCherryBlossomSampleData2.json in Resources */,
				873F0A021E6378E200BECCD2 /* EventDetailsViewController.storyboard in Resources */,
				87C5F8031E553B3D001D7B09 /* LaunchScreen.storyboard in Resources */,
				87FC32A41E83176C007F1B4A /* ScheduleTableViewController.storyboard in Resources */,
				87FC32961E81FF04007F1B4A /* MoreInfoTableViewController.storyboard in Resources */,
				87C5F8001E553B3D001D7B09 /* Assets.xcassets in Resources */,
				87FC329C1E824887007F1B4A /* MoreInfoDetailViewController.storyboard in Resources */,
				8733C58A1E5A1B9600140899 /* SFCherryBlossomSampleData.json in Resources */,
				8756D9621E81101B00C0CFAC /* NCCBFTabBarController.storyboard in Resources */,
				8733C58F1E5A1C8900140899 /* EventCatalogTableViewController.storyboard in Resources */,
			);
			runOnlyForDeploymentPostprocessing = 0;
		};
/* End PBXResourcesBuildPhase section */

/* Begin PBXSourcesBuildPhase section */
		8756D9211E7F734D00C0CFAC /* Sources */ = {
			isa = PBXSourcesBuildPhase;
			buildActionMask = 2147483647;
			files = (
				8756D95B1E810A2C00C0CFAC /* NetworkingTests.swift in Sources */,
			);
			runOnlyForDeploymentPostprocessing = 0;
		};
		87C5F7F11E553B3D001D7B09 /* Sources */ = {
			isa = PBXSourcesBuildPhase;
			buildActionMask = 2147483647;
			files = (
				87FC32A01E830E19007F1B4A /* Networking.swift in Sources */,
				8772FE621E8868540048B2C0 /* NCCBF-iOS.xcdatamodeld in Sources */,
				873F0A041E63791000BECCD2 /* EventDetailsViewController.swift in Sources */,
				8733C5A51E5A220B00140899 /* JSON.swift in Sources */,
				8733C58E1E5A1C8900140899 /* EventCatalogTableViewController.swift in Sources */,
				873F0A061E63891200BECCD2 /* EventDetailsView.swift in Sources */,
				87A703301E887BEF00CDF31D /* Event+CoreDataProperties.swift in Sources */,
				8756D4AF1E6CB8DB00DE83D8 /* EventDetailsViewModel.swift in Sources */,
				87A7032F1E887BEF00CDF31D /* Event+CoreDataClass.swift in Sources */,
				87FC329A1E821F4C007F1B4A /* MenuItem.swift in Sources */,
				87FC32981E81FF87007F1B4A /* MoreInfoTableViewController.swift in Sources */,
				8772FE641E8868700048B2C0 /* DataController.swift in Sources */,
				87FC32A61E831924007F1B4A /* ScheduleTableViewController.swift in Sources */,
				87FC329E1E824A42007F1B4A /* MoreInfoDetailViewController.swift in Sources */,
				87C5F7F91E553B3D001D7B09 /* AppDelegate.swift in Sources */,
				87FC32A21E830E6E007F1B4A /* Constants.swift in Sources */,
			);
			runOnlyForDeploymentPostprocessing = 0;
		};
/* End PBXSourcesBuildPhase section */

/* Begin PBXTargetDependency section */
		8756D92B1E7F734D00C0CFAC /* PBXTargetDependency */ = {
			isa = PBXTargetDependency;
			target = 87C5F7F41E553B3D001D7B09 /* NCCBF-iOS */;
			targetProxy = 8756D92A1E7F734D00C0CFAC /* PBXContainerItemProxy */;
		};
/* End PBXTargetDependency section */

/* Begin PBXVariantGroup section */
		87C5F8011E553B3D001D7B09 /* LaunchScreen.storyboard */ = {
			isa = PBXVariantGroup;
			children = (
				87C5F8021E553B3D001D7B09 /* Base */,
			);
			name = LaunchScreen.storyboard;
			sourceTree = "<group>";
		};
/* End PBXVariantGroup section */

/* Begin XCBuildConfiguration section */
		8756D92C1E7F734D00C0CFAC /* Debug */ = {
			isa = XCBuildConfiguration;
			buildSettings = {
				BUNDLE_LOADER = "$(TEST_HOST)";
				CLANG_ENABLE_MODULES = YES;
				DEVELOPMENT_TEAM = D433NUFZ5K;
				INFOPLIST_FILE = "NCCBF-iOSTests/Info.plist";
				LD_RUNPATH_SEARCH_PATHS = "$(inherited) @executable_path/Frameworks @loader_path/Frameworks";
				PRODUCT_BUNDLE_IDENTIFIER = "com.keitaito.NCCBF-iOSTests";
				PRODUCT_NAME = "$(TARGET_NAME)";
				SWIFT_OPTIMIZATION_LEVEL = "-Onone";
				SWIFT_VERSION = 3.0;
				TEST_HOST = "$(BUILT_PRODUCTS_DIR)/NCCBF-iOS.app/NCCBF-iOS";
			};
			name = Debug;
		};
		8756D92D1E7F734D00C0CFAC /* Release */ = {
			isa = XCBuildConfiguration;
			buildSettings = {
				BUNDLE_LOADER = "$(TEST_HOST)";
				CLANG_ENABLE_MODULES = YES;
				DEVELOPMENT_TEAM = D433NUFZ5K;
				INFOPLIST_FILE = "NCCBF-iOSTests/Info.plist";
				LD_RUNPATH_SEARCH_PATHS = "$(inherited) @executable_path/Frameworks @loader_path/Frameworks";
				PRODUCT_BUNDLE_IDENTIFIER = "com.keitaito.NCCBF-iOSTests";
				PRODUCT_NAME = "$(TARGET_NAME)";
				SWIFT_VERSION = 3.0;
				TEST_HOST = "$(BUILT_PRODUCTS_DIR)/NCCBF-iOS.app/NCCBF-iOS";
			};
			name = Release;
		};
		87C5F8051E553B3D001D7B09 /* Debug */ = {
			isa = XCBuildConfiguration;
			buildSettings = {
				ALWAYS_SEARCH_USER_PATHS = NO;
				CLANG_ANALYZER_NONNULL = YES;
				CLANG_CXX_LANGUAGE_STANDARD = "gnu++0x";
				CLANG_CXX_LIBRARY = "libc++";
				CLANG_ENABLE_MODULES = YES;
				CLANG_ENABLE_OBJC_ARC = YES;
				CLANG_WARN_BOOL_CONVERSION = YES;
				CLANG_WARN_CONSTANT_CONVERSION = YES;
				CLANG_WARN_DIRECT_OBJC_ISA_USAGE = YES_ERROR;
				CLANG_WARN_DOCUMENTATION_COMMENTS = YES;
				CLANG_WARN_EMPTY_BODY = YES;
				CLANG_WARN_ENUM_CONVERSION = YES;
				CLANG_WARN_INFINITE_RECURSION = YES;
				CLANG_WARN_INT_CONVERSION = YES;
				CLANG_WARN_OBJC_ROOT_CLASS = YES_ERROR;
				CLANG_WARN_SUSPICIOUS_MOVE = YES;
				CLANG_WARN_UNREACHABLE_CODE = YES;
				CLANG_WARN__DUPLICATE_METHOD_MATCH = YES;
				"CODE_SIGN_IDENTITY[sdk=iphoneos*]" = "iPhone Developer";
				COPY_PHASE_STRIP = NO;
				DEBUG_INFORMATION_FORMAT = dwarf;
				ENABLE_STRICT_OBJC_MSGSEND = YES;
				ENABLE_TESTABILITY = YES;
				GCC_C_LANGUAGE_STANDARD = gnu99;
				GCC_DYNAMIC_NO_PIC = NO;
				GCC_NO_COMMON_BLOCKS = YES;
				GCC_OPTIMIZATION_LEVEL = 0;
				GCC_PREPROCESSOR_DEFINITIONS = (
					"DEBUG=1",
					"$(inherited)",
				);
				GCC_WARN_64_TO_32_BIT_CONVERSION = YES;
				GCC_WARN_ABOUT_RETURN_TYPE = YES_ERROR;
				GCC_WARN_UNDECLARED_SELECTOR = YES;
				GCC_WARN_UNINITIALIZED_AUTOS = YES_AGGRESSIVE;
				GCC_WARN_UNUSED_FUNCTION = YES;
				GCC_WARN_UNUSED_VARIABLE = YES;
				IPHONEOS_DEPLOYMENT_TARGET = 10.2;
				MTL_ENABLE_DEBUG_INFO = YES;
				ONLY_ACTIVE_ARCH = YES;
				SDKROOT = iphoneos;
				SWIFT_ACTIVE_COMPILATION_CONDITIONS = DEBUG;
				SWIFT_OPTIMIZATION_LEVEL = "-Onone";
				TARGETED_DEVICE_FAMILY = "1,2";
			};
			name = Debug;
		};
		87C5F8061E553B3D001D7B09 /* Release */ = {
			isa = XCBuildConfiguration;
			buildSettings = {
				ALWAYS_SEARCH_USER_PATHS = NO;
				CLANG_ANALYZER_NONNULL = YES;
				CLANG_CXX_LANGUAGE_STANDARD = "gnu++0x";
				CLANG_CXX_LIBRARY = "libc++";
				CLANG_ENABLE_MODULES = YES;
				CLANG_ENABLE_OBJC_ARC = YES;
				CLANG_WARN_BOOL_CONVERSION = YES;
				CLANG_WARN_CONSTANT_CONVERSION = YES;
				CLANG_WARN_DIRECT_OBJC_ISA_USAGE = YES_ERROR;
				CLANG_WARN_DOCUMENTATION_COMMENTS = YES;
				CLANG_WARN_EMPTY_BODY = YES;
				CLANG_WARN_ENUM_CONVERSION = YES;
				CLANG_WARN_INFINITE_RECURSION = YES;
				CLANG_WARN_INT_CONVERSION = YES;
				CLANG_WARN_OBJC_ROOT_CLASS = YES_ERROR;
				CLANG_WARN_SUSPICIOUS_MOVE = YES;
				CLANG_WARN_UNREACHABLE_CODE = YES;
				CLANG_WARN__DUPLICATE_METHOD_MATCH = YES;
				"CODE_SIGN_IDENTITY[sdk=iphoneos*]" = "iPhone Developer";
				COPY_PHASE_STRIP = NO;
				DEBUG_INFORMATION_FORMAT = "dwarf-with-dsym";
				ENABLE_NS_ASSERTIONS = NO;
				ENABLE_STRICT_OBJC_MSGSEND = YES;
				GCC_C_LANGUAGE_STANDARD = gnu99;
				GCC_NO_COMMON_BLOCKS = YES;
				GCC_WARN_64_TO_32_BIT_CONVERSION = YES;
				GCC_WARN_ABOUT_RETURN_TYPE = YES_ERROR;
				GCC_WARN_UNDECLARED_SELECTOR = YES;
				GCC_WARN_UNINITIALIZED_AUTOS = YES_AGGRESSIVE;
				GCC_WARN_UNUSED_FUNCTION = YES;
				GCC_WARN_UNUSED_VARIABLE = YES;
				IPHONEOS_DEPLOYMENT_TARGET = 10.2;
				MTL_ENABLE_DEBUG_INFO = NO;
				SDKROOT = iphoneos;
				SWIFT_OPTIMIZATION_LEVEL = "-Owholemodule";
				TARGETED_DEVICE_FAMILY = "1,2";
				VALIDATE_PRODUCT = YES;
			};
			name = Release;
		};
		87C5F8081E553B3D001D7B09 /* Debug */ = {
			isa = XCBuildConfiguration;
			buildSettings = {
				ASSETCATALOG_COMPILER_APPICON_NAME = AppIcon;
				DEVELOPMENT_TEAM = D433NUFZ5K;
				INFOPLIST_FILE = "NCCBF-iOS/Info.plist";
				LD_RUNPATH_SEARCH_PATHS = "$(inherited) @executable_path/Frameworks";
				PRODUCT_BUNDLE_IDENTIFIER = "com.keitaito.NCCBF-iOS";
				PRODUCT_NAME = "$(TARGET_NAME)";
				SWIFT_VERSION = 3.0;
			};
			name = Debug;
		};
		87C5F8091E553B3D001D7B09 /* Release */ = {
			isa = XCBuildConfiguration;
			buildSettings = {
				ASSETCATALOG_COMPILER_APPICON_NAME = AppIcon;
				DEVELOPMENT_TEAM = D433NUFZ5K;
				INFOPLIST_FILE = "NCCBF-iOS/Info.plist";
				LD_RUNPATH_SEARCH_PATHS = "$(inherited) @executable_path/Frameworks";
				PRODUCT_BUNDLE_IDENTIFIER = "com.keitaito.NCCBF-iOS";
				PRODUCT_NAME = "$(TARGET_NAME)";
				SWIFT_VERSION = 3.0;
			};
			name = Release;
		};
/* End XCBuildConfiguration section */

/* Begin XCConfigurationList section */
		8756D92E1E7F734D00C0CFAC /* Build configuration list for PBXNativeTarget "NCCBF-iOSTests" */ = {
			isa = XCConfigurationList;
			buildConfigurations = (
				8756D92C1E7F734D00C0CFAC /* Debug */,
				8756D92D1E7F734D00C0CFAC /* Release */,
			);
			defaultConfigurationIsVisible = 0;
			defaultConfigurationName = Release;
		};
		87C5F7F01E553B3D001D7B09 /* Build configuration list for PBXProject "NCCBF-iOS" */ = {
			isa = XCConfigurationList;
			buildConfigurations = (
				87C5F8051E553B3D001D7B09 /* Debug */,
				87C5F8061E553B3D001D7B09 /* Release */,
			);
			defaultConfigurationIsVisible = 0;
			defaultConfigurationName = Release;
		};
		87C5F8071E553B3D001D7B09 /* Build configuration list for PBXNativeTarget "NCCBF-iOS" */ = {
			isa = XCConfigurationList;
			buildConfigurations = (
				87C5F8081E553B3D001D7B09 /* Debug */,
				87C5F8091E553B3D001D7B09 /* Release */,
			);
			defaultConfigurationIsVisible = 0;
			defaultConfigurationName = Release;
		};
/* End XCConfigurationList section */

/* Begin XCVersionGroup section */
		8772FE601E8868540048B2C0 /* NCCBF-iOS.xcdatamodeld */ = {
			isa = XCVersionGroup;
			children = (
				8772FE611E8868540048B2C0 /* NCCBF-iOS.xcdatamodel */,
			);
			currentVersion = 8772FE611E8868540048B2C0 /* NCCBF-iOS.xcdatamodel */;
			name = "NCCBF-iOS.xcdatamodeld";
			path = "CoreData/NCCBF-iOS.xcdatamodeld";
			sourceTree = "<group>";
			versionGroupType = wrapper.xcdatamodel;
		};
/* End XCVersionGroup section */
	};
	rootObject = 87C5F7ED1E553B3D001D7B09 /* Project object */;
}
