// !$*UTF8*$!
{
	archiveVersion = 1;
	classes = {
	};
	objectVersion = 46;
	objects = {

/* Begin PBXBuildFile section */
		8733C58A1E5A1B9600140899 /* SFCherryBlossomSampleData.json in Resources */ = {isa = PBXBuildFile; fileRef = 8733C5891E5A1B9600140899 /* SFCherryBlossomSampleData.json */; };
		8733C58E1E5A1C8900140899 /* EventCatalogTableViewController.swift in Sources */ = {isa = PBXBuildFile; fileRef = 8733C58C1E5A1C8900140899 /* EventCatalogTableViewController.swift */; };
		8733C58F1E5A1C8900140899 /* EventCatalogTableViewController.storyboard in Resources */ = {isa = PBXBuildFile; fileRef = 8733C58D1E5A1C8900140899 /* EventCatalogTableViewController.storyboard */; };
		8733C5A51E5A220B00140899 /* JSON.swift in Sources */ = {isa = PBXBuildFile; fileRef = 8733C5A41E5A220B00140899 /* JSON.swift */; };
		8733C5BA1E5A39BD00140899 /* Event.swift in Sources */ = {isa = PBXBuildFile; fileRef = 8733C5B91E5A39BD00140899 /* Event.swift */; };
		87C5F7F91E553B3D001D7B09 /* AppDelegate.swift in Sources */ = {isa = PBXBuildFile; fileRef = 87C5F7F81E553B3D001D7B09 /* AppDelegate.swift */; };
		87C5F8001E553B3D001D7B09 /* Assets.xcassets in Resources */ = {isa = PBXBuildFile; fileRef = 87C5F7FF1E553B3D001D7B09 /* Assets.xcassets */; };
		87C5F8031E553B3D001D7B09 /* LaunchScreen.storyboard in Resources */ = {isa = PBXBuildFile; fileRef = 87C5F8011E553B3D001D7B09 /* LaunchScreen.storyboard */; };
/* End PBXBuildFile section */

/* Begin PBXFileReference section */
		8733C5891E5A1B9600140899 /* SFCherryBlossomSampleData.json */ = {isa = PBXFileReference; fileEncoding = 4; lastKnownFileType = text.json; name = SFCherryBlossomSampleData.json; path = Resources/SFCherryBlossomSampleData.json; sourceTree = "<group>"; };
		8733C58C1E5A1C8900140899 /* EventCatalogTableViewController.swift */ = {isa = PBXFileReference; fileEncoding = 4; lastKnownFileType = sourcecode.swift; name = EventCatalogTableViewController.swift; path = ViewControllers/EventCatalogTableViewController.swift; sourceTree = "<group>"; };
		8733C58D1E5A1C8900140899 /* EventCatalogTableViewController.storyboard */ = {isa = PBXFileReference; fileEncoding = 4; lastKnownFileType = file.storyboard; name = EventCatalogTableViewController.storyboard; path = ViewControllers/EventCatalogTableViewController.storyboard; sourceTree = "<group>"; };
		8733C5A41E5A220B00140899 /* JSON.swift */ = {isa = PBXFileReference; fileEncoding = 4; lastKnownFileType = sourcecode.swift; name = JSON.swift; path = Util/JSON.swift; sourceTree = "<group>"; };
		8733C5B91E5A39BD00140899 /* Event.swift */ = {isa = PBXFileReference; fileEncoding = 4; lastKnownFileType = sourcecode.swift; name = Event.swift; path = Models/Event.swift; sourceTree = "<group>"; };
		87C5F7F51E553B3D001D7B09 /* NCCBF-iOS.app */ = {isa = PBXFileReference; explicitFileType = wrapper.application; includeInIndex = 0; path = "NCCBF-iOS.app"; sourceTree = BUILT_PRODUCTS_DIR; };
		87C5F7F81E553B3D001D7B09 /* AppDelegate.swift */ = {isa = PBXFileReference; lastKnownFileType = sourcecode.swift; path = AppDelegate.swift; sourceTree = "<group>"; };
		87C5F7FF1E553B3D001D7B09 /* Assets.xcassets */ = {isa = PBXFileReference; lastKnownFileType = folder.assetcatalog; path = Assets.xcassets; sourceTree = "<group>"; };
		87C5F8021E553B3D001D7B09 /* Base */ = {isa = PBXFileReference; lastKnownFileType = file.storyboard; name = Base; path = Base.lproj/LaunchScreen.storyboard; sourceTree = "<group>"; };
		87C5F8041E553B3D001D7B09 /* Info.plist */ = {isa = PBXFileReference; lastKnownFileType = text.plist.xml; path = Info.plist; sourceTree = "<group>"; };
/* End PBXFileReference section */

/* Begin PBXFrameworksBuildPhase section */
		87C5F7F21E553B3D001D7B09 /* Frameworks */ = {
			isa = PBXFrameworksBuildPhase;
			buildActionMask = 2147483647;
			files = (
			);
			runOnlyForDeploymentPostprocessing = 0;
		};
/* End PBXFrameworksBuildPhase section */

/* Begin PBXGroup section */
		8733C58B1E5A1B9D00140899 /* Resources */ = {
			isa = PBXGroup;
			children = (
				8733C5891E5A1B9600140899 /* SFCherryBlossomSampleData.json */,
			);
			name = Resources;
			sourceTree = "<group>";
		};
		8733C5901E5A1C9000140899 /* ViewControllers */ = {
			isa = PBXGroup;
			children = (
				8733C58C1E5A1C8900140899 /* EventCatalogTableViewController.swift */,
				8733C58D1E5A1C8900140899 /* EventCatalogTableViewController.storyboard */,
				8733C5A41E5A220B00140899 /* JSON.swift */,
			);
			name = ViewControllers;
			sourceTree = "<group>";
		};
		8733C5BB1E5A39C000140899 /* Models */ = {
			isa = PBXGroup;
			children = (
				8733C5B91E5A39BD00140899 /* Event.swift */,
			);
			name = Models;
			sourceTree = "<group>";
		};
		87C5F7EC1E553B3D001D7B09 = {
			isa = PBXGroup;
			children = (
				87C5F7F71E553B3D001D7B09 /* NCCBF-iOS */,
				87C5F7F61E553B3D001D7B09 /* Products */,
			);
			sourceTree = "<group>";
		};
		87C5F7F61E553B3D001D7B09 /* Products */ = {
			isa = PBXGroup;
			children = (
				87C5F7F51E553B3D001D7B09 /* NCCBF-iOS.app */,
			);
			name = Products;
			sourceTree = "<group>";
		};
		87C5F7F71E553B3D001D7B09 /* NCCBF-iOS */ = {
			isa = PBXGroup;
			children = (
				87C5F7F81E553B3D001D7B09 /* AppDelegate.swift */,
				8733C5BB1E5A39C000140899 /* Models */,
				8733C5901E5A1C9000140899 /* ViewControllers */,
				87C5F7FF1E553B3D001D7B09 /* Assets.xcassets */,
				87C5F8011E553B3D001D7B09 /* LaunchScreen.storyboard */,
				87C5F8041E553B3D001D7B09 /* Info.plist */,
				8733C58B1E5A1B9D00140899 /* Resources */,
			);
			path = "NCCBF-iOS";
			sourceTree = "<group>";
		};
/* End PBXGroup section */

/* Begin PBXNativeTarget section */
		87C5F7F41E553B3D001D7B09 /* NCCBF-iOS */ = {
			isa = PBXNativeTarget;
			buildConfigurationList = 87C5F8071E553B3D001D7B09 /* Build configuration list for PBXNativeTarget "NCCBF-iOS" */;
			buildPhases = (
				87C5F7F11E553B3D001D7B09 /* Sources */,
				87C5F7F21E553B3D001D7B09 /* Frameworks */,
				87C5F7F31E553B3D001D7B09 /* Resources */,
			);
			buildRules = (
			);
			dependencies = (
			);
			name = "NCCBF-iOS";
			productName = "NCCBF-iOS";
			productReference = 87C5F7F51E553B3D001D7B09 /* NCCBF-iOS.app */;
			productType = "com.apple.product-type.application";
		};
/* End PBXNativeTarget section */

/* Begin PBXProject section */
		87C5F7ED1E553B3D001D7B09 /* Project object */ = {
			isa = PBXProject;
			attributes = {
				LastSwiftUpdateCheck = 0820;
				LastUpgradeCheck = 0820;
				ORGANIZATIONNAME = "Keita Ito";
				TargetAttributes = {
					87C5F7F41E553B3D001D7B09 = {
						CreatedOnToolsVersion = 8.2.1;
						DevelopmentTeam = D433NUFZ5K;
						ProvisioningStyle = Automatic;
					};
				};
			};
			buildConfigurationList = 87C5F7F01E553B3D001D7B09 /* Build configuration list for PBXProject "NCCBF-iOS" */;
			compatibilityVersion = "Xcode 3.2";
			developmentRegion = English;
			hasScannedForEncodings = 0;
			knownRegions = (
				en,
				Base,
			);
			mainGroup = 87C5F7EC1E553B3D001D7B09;
			productRefGroup = 87C5F7F61E553B3D001D7B09 /* Products */;
			projectDirPath = "";
			projectRoot = "";
			targets = (
				87C5F7F41E553B3D001D7B09 /* NCCBF-iOS */,
			);
		};
/* End PBXProject section */

/* Begin PBXResourcesBuildPhase section */
		87C5F7F31E553B3D001D7B09 /* Resources */ = {
			isa = PBXResourcesBuildPhase;
			buildActionMask = 2147483647;
			files = (
				87C5F8031E553B3D001D7B09 /* LaunchScreen.storyboard in Resources */,
				87C5F8001E553B3D001D7B09 /* Assets.xcassets in Resources */,
				8733C58A1E5A1B9600140899 /* SFCherryBlossomSampleData.json in Resources */,
				8733C58F1E5A1C8900140899 /* EventCatalogTableViewController.storyboard in Resources */,
			);
			runOnlyForDeploymentPostprocessing = 0;
		};
/* End PBXResourcesBuildPhase section */

/* Begin PBXSourcesBuildPhase section */
		87C5F7F11E553B3D001D7B09 /* Sources */ = {
			isa = PBXSourcesBuildPhase;
			buildActionMask = 2147483647;
			files = (
				8733C5BA1E5A39BD00140899 /* Event.swift in Sources */,
				8733C5A51E5A220B00140899 /* JSON.swift in Sources */,
				8733C58E1E5A1C8900140899 /* EventCatalogTableViewController.swift in Sources */,
				87C5F7F91E553B3D001D7B09 /* AppDelegate.swift in Sources */,
			);
			runOnlyForDeploymentPostprocessing = 0;
		};
/* End PBXSourcesBuildPhase section */

/* Begin PBXVariantGroup section */
		87C5F8011E553B3D001D7B09 /* LaunchScreen.storyboard */ = {
			isa = PBXVariantGroup;
			children = (
				87C5F8021E553B3D001D7B09 /* Base */,
			);
			name = LaunchScreen.storyboard;
			sourceTree = "<group>";
		};
/* End PBXVariantGroup section */

/* Begin XCBuildConfiguration section */
		87C5F8051E553B3D001D7B09 /* Debug */ = {
			isa = XCBuildConfiguration;
			buildSettings = {
				ALWAYS_SEARCH_USER_PATHS = NO;
				CLANG_ANALYZER_NONNULL = YES;
				CLANG_CXX_LANGUAGE_STANDARD = "gnu++0x";
				CLANG_CXX_LIBRARY = "libc++";
				CLANG_ENABLE_MODULES = YES;
				CLANG_ENABLE_OBJC_ARC = YES;
				CLANG_WARN_BOOL_CONVERSION = YES;
				CLANG_WARN_CONSTANT_CONVERSION = YES;
				CLANG_WARN_DIRECT_OBJC_ISA_USAGE = YES_ERROR;
				CLANG_WARN_DOCUMENTATION_COMMENTS = YES;
				CLANG_WARN_EMPTY_BODY = YES;
				CLANG_WARN_ENUM_CONVERSION = YES;
				CLANG_WARN_INFINITE_RECURSION = YES;
				CLANG_WARN_INT_CONVERSION = YES;
				CLANG_WARN_OBJC_ROOT_CLASS = YES_ERROR;
				CLANG_WARN_SUSPICIOUS_MOVE = YES;
				CLANG_WARN_UNREACHABLE_CODE = YES;
				CLANG_WARN__DUPLICATE_METHOD_MATCH = YES;
				"CODE_SIGN_IDENTITY[sdk=iphoneos*]" = "iPhone Developer";
				COPY_PHASE_STRIP = NO;
				DEBUG_INFORMATION_FORMAT = dwarf;
				ENABLE_STRICT_OBJC_MSGSEND = YES;
				ENABLE_TESTABILITY = YES;
				GCC_C_LANGUAGE_STANDARD = gnu99;
				GCC_DYNAMIC_NO_PIC = NO;
				GCC_NO_COMMON_BLOCKS = YES;
				GCC_OPTIMIZATION_LEVEL = 0;
				GCC_PREPROCESSOR_DEFINITIONS = (
					"DEBUG=1",
					"$(inherited)",
				);
				GCC_WARN_64_TO_32_BIT_CONVERSION = YES;
				GCC_WARN_ABOUT_RETURN_TYPE = YES_ERROR;
				GCC_WARN_UNDECLARED_SELECTOR = YES;
				GCC_WARN_UNINITIALIZED_AUTOS = YES_AGGRESSIVE;
				GCC_WARN_UNUSED_FUNCTION = YES;
				GCC_WARN_UNUSED_VARIABLE = YES;
				IPHONEOS_DEPLOYMENT_TARGET = 10.2;
				MTL_ENABLE_DEBUG_INFO = YES;
				ONLY_ACTIVE_ARCH = YES;
				SDKROOT = iphoneos;
				SWIFT_ACTIVE_COMPILATION_CONDITIONS = DEBUG;
				SWIFT_OPTIMIZATION_LEVEL = "-Onone";
				TARGETED_DEVICE_FAMILY = "1,2";
			};
			name = Debug;
		};
		87C5F8061E553B3D001D7B09 /* Release */ = {
			isa = XCBuildConfiguration;
			buildSettings = {
				ALWAYS_SEARCH_USER_PATHS = NO;
				CLANG_ANALYZER_NONNULL = YES;
				CLANG_CXX_LANGUAGE_STANDARD = "gnu++0x";
				CLANG_CXX_LIBRARY = "libc++";
				CLANG_ENABLE_MODULES = YES;
				CLANG_ENABLE_OBJC_ARC = YES;
				CLANG_WARN_BOOL_CONVERSION = YES;
				CLANG_WARN_CONSTANT_CONVERSION = YES;
				CLANG_WARN_DIRECT_OBJC_ISA_USAGE = YES_ERROR;
				CLANG_WARN_DOCUMENTATION_COMMENTS = YES;
				CLANG_WARN_EMPTY_BODY = YES;
				CLANG_WARN_ENUM_CONVERSION = YES;
				CLANG_WARN_INFINITE_RECURSION = YES;
				CLANG_WARN_INT_CONVERSION = YES;
				CLANG_WARN_OBJC_ROOT_CLASS = YES_ERROR;
				CLANG_WARN_SUSPICIOUS_MOVE = YES;
				CLANG_WARN_UNREACHABLE_CODE = YES;
				CLANG_WARN__DUPLICATE_METHOD_MATCH = YES;
				"CODE_SIGN_IDENTITY[sdk=iphoneos*]" = "iPhone Developer";
				COPY_PHASE_STRIP = NO;
				DEBUG_INFORMATION_FORMAT = "dwarf-with-dsym";
				ENABLE_NS_ASSERTIONS = NO;
				ENABLE_STRICT_OBJC_MSGSEND = YES;
				GCC_C_LANGUAGE_STANDARD = gnu99;
				GCC_NO_COMMON_BLOCKS = YES;
				GCC_WARN_64_TO_32_BIT_CONVERSION = YES;
				GCC_WARN_ABOUT_RETURN_TYPE = YES_ERROR;
				GCC_WARN_UNDECLARED_SELECTOR = YES;
				GCC_WARN_UNINITIALIZED_AUTOS = YES_AGGRESSIVE;
				GCC_WARN_UNUSED_FUNCTION = YES;
				GCC_WARN_UNUSED_VARIABLE = YES;
				IPHONEOS_DEPLOYMENT_TARGET = 10.2;
				MTL_ENABLE_DEBUG_INFO = NO;
				SDKROOT = iphoneos;
				SWIFT_OPTIMIZATION_LEVEL = "-Owholemodule";
				TARGETED_DEVICE_FAMILY = "1,2";
				VALIDATE_PRODUCT = YES;
			};
			name = Release;
		};
		87C5F8081E553B3D001D7B09 /* Debug */ = {
			isa = XCBuildConfiguration;
			buildSettings = {
				ASSETCATALOG_COMPILER_APPICON_NAME = AppIcon;
				DEVELOPMENT_TEAM = D433NUFZ5K;
				INFOPLIST_FILE = "NCCBF-iOS/Info.plist";
				LD_RUNPATH_SEARCH_PATHS = "$(inherited) @executable_path/Frameworks";
				PRODUCT_BUNDLE_IDENTIFIER = "com.keitaito.NCCBF-iOS";
				PRODUCT_NAME = "$(TARGET_NAME)";
				SWIFT_VERSION = 3.0;
			};
			name = Debug;
		};
		87C5F8091E553B3D001D7B09 /* Release */ = {
			isa = XCBuildConfiguration;
			buildSettings = {
				ASSETCATALOG_COMPILER_APPICON_NAME = AppIcon;
				DEVELOPMENT_TEAM = D433NUFZ5K;
				INFOPLIST_FILE = "NCCBF-iOS/Info.plist";
				LD_RUNPATH_SEARCH_PATHS = "$(inherited) @executable_path/Frameworks";
				PRODUCT_BUNDLE_IDENTIFIER = "com.keitaito.NCCBF-iOS";
				PRODUCT_NAME = "$(TARGET_NAME)";
				SWIFT_VERSION = 3.0;
			};
			name = Release;
		};
/* End XCBuildConfiguration section */

/* Begin XCConfigurationList section */
		87C5F7F01E553B3D001D7B09 /* Build configuration list for PBXProject "NCCBF-iOS" */ = {
			isa = XCConfigurationList;
			buildConfigurations = (
				87C5F8051E553B3D001D7B09 /* Debug */,
				87C5F8061E553B3D001D7B09 /* Release */,
			);
			defaultConfigurationIsVisible = 0;
			defaultConfigurationName = Release;
		};
		87C5F8071E553B3D001D7B09 /* Build configuration list for PBXNativeTarget "NCCBF-iOS" */ = {
			isa = XCConfigurationList;
			buildConfigurations = (
				87C5F8081E553B3D001D7B09 /* Debug */,
				87C5F8091E553B3D001D7B09 /* Release */,
			);
			defaultConfigurationIsVisible = 0;
			defaultConfigurationName = Release;
		};
/* End XCConfigurationList section */
	};
	rootObject = 87C5F7ED1E553B3D001D7B09 /* Project object */;
}
